// !$*UTF8*$!
{
	archiveVersion = 1;
	classes = {
	};
	objectVersion = 50;
	objects = {

/* Begin PBXBuildFile section */
		08743672224A582D0016491F /* AppDelegate.m in Sources */ = {isa = PBXBuildFile; fileRef = 08743671224A582D0016491F /* AppDelegate.m */; };
		08743675224A582D0016491F /* ViewController.m in Sources */ = {isa = PBXBuildFile; fileRef = 08743674224A582D0016491F /* ViewController.m */; };
		08743678224A582D0016491F /* Main.storyboard in Resources */ = {isa = PBXBuildFile; fileRef = 08743676224A582D0016491F /* Main.storyboard */; };
		0874367A224A582E0016491F /* Assets.xcassets in Resources */ = {isa = PBXBuildFile; fileRef = 08743679224A582E0016491F /* Assets.xcassets */; };
		0874367D224A582E0016491F /* LaunchScreen.storyboard in Resources */ = {isa = PBXBuildFile; fileRef = 0874367B224A582E0016491F /* LaunchScreen.storyboard */; };
		08743680224A582E0016491F /* main.m in Sources */ = {isa = PBXBuildFile; fileRef = 0874367F224A582E0016491F /* main.m */; };
		0874368A224A582E0016491F /* ArithmeticDemoTests.m in Sources */ = {isa = PBXBuildFile; fileRef = 08743689224A582E0016491F /* ArithmeticDemoTests.m */; };
		08743695224A582E0016491F /* ArithmeticDemoUITests.m in Sources */ = {isa = PBXBuildFile; fileRef = 08743694224A582E0016491F /* ArithmeticDemoUITests.m */; };
/* End PBXBuildFile section */

/* Begin PBXContainerItemProxy section */
		08743686224A582E0016491F /* PBXContainerItemProxy */ = {
			isa = PBXContainerItemProxy;
			containerPortal = 08743665224A582D0016491F /* Project object */;
			proxyType = 1;
			remoteGlobalIDString = 0874366C224A582D0016491F;
			remoteInfo = ArithmeticDemo;
		};
		08743691224A582E0016491F /* PBXContainerItemProxy */ = {
			isa = PBXContainerItemProxy;
			containerPortal = 08743665224A582D0016491F /* Project object */;
			proxyType = 1;
			remoteGlobalIDString = 0874366C224A582D0016491F;
			remoteInfo = ArithmeticDemo;
		};
/* End PBXContainerItemProxy section */

/* Begin PBXFileReference section */
		0874366D224A582D0016491F /* ArithmeticDemo.app */ = {isa = PBXFileReference; explicitFileType = wrapper.application; includeInIndex = 0; path = ArithmeticDemo.app; sourceTree = BUILT_PRODUCTS_DIR; };
		08743670224A582D0016491F /* AppDelegate.h */ = {isa = PBXFileReference; lastKnownFileType = sourcecode.c.h; path = AppDelegate.h; sourceTree = "<group>"; };
		08743671224A582D0016491F /* AppDelegate.m */ = {isa = PBXFileReference; lastKnownFileType = sourcecode.c.objc; path = AppDelegate.m; sourceTree = "<group>"; };
		08743673224A582D0016491F /* ViewController.h */ = {isa = PBXFileReference; lastKnownFileType = sourcecode.c.h; path = ViewController.h; sourceTree = "<group>"; };
		08743674224A582D0016491F /* ViewController.m */ = {isa = PBXFileReference; lastKnownFileType = sourcecode.c.objc; path = ViewController.m; sourceTree = "<group>"; };
		08743677224A582D0016491F /* Base */ = {isa = PBXFileReference; lastKnownFileType = file.storyboard; name = Base; path = Base.lproj/Main.storyboard; sourceTree = "<group>"; };
		08743679224A582E0016491F /* Assets.xcassets */ = {isa = PBXFileReference; lastKnownFileType = folder.assetcatalog; path = Assets.xcassets; sourceTree = "<group>"; };
		0874367C224A582E0016491F /* Base */ = {isa = PBXFileReference; lastKnownFileType = file.storyboard; name = Base; path = Base.lproj/LaunchScreen.storyboard; sourceTree = "<group>"; };
		0874367E224A582E0016491F /* Info.plist */ = {isa = PBXFileReference; lastKnownFileType = text.plist.xml; path = Info.plist; sourceTree = "<group>"; };
		0874367F224A582E0016491F /* main.m */ = {isa = PBXFileReference; lastKnownFileType = sourcecode.c.objc; path = main.m; sourceTree = "<group>"; };
		08743685224A582E0016491F /* ArithmeticDemoTests.xctest */ = {isa = PBXFileReference; explicitFileType = wrapper.cfbundle; includeInIndex = 0; path = ArithmeticDemoTests.xctest; sourceTree = BUILT_PRODUCTS_DIR; };
		08743689224A582E0016491F /* ArithmeticDemoTests.m */ = {isa = PBXFileReference; lastKnownFileType = sourcecode.c.objc; path = ArithmeticDemoTests.m; sourceTree = "<group>"; };
		0874368B224A582E0016491F /* Info.plist */ = {isa = PBXFileReference; lastKnownFileType = text.plist.xml; path = Info.plist; sourceTree = "<group>"; };
		08743690224A582E0016491F /* ArithmeticDemoUITests.xctest */ = {isa = PBXFileReference; explicitFileType = wrapper.cfbundle; includeInIndex = 0; path = ArithmeticDemoUITests.xctest; sourceTree = BUILT_PRODUCTS_DIR; };
		08743694224A582E0016491F /* ArithmeticDemoUITests.m */ = {isa = PBXFileReference; lastKnownFileType = sourcecode.c.objc; path = ArithmeticDemoUITests.m; sourceTree = "<group>"; };
		08743696224A582E0016491F /* Info.plist */ = {isa = PBXFileReference; lastKnownFileType = text.plist.xml; path = Info.plist; sourceTree = "<group>"; };
/* End PBXFileReference section */

/* Begin PBXFrameworksBuildPhase section */
		0874366A224A582D0016491F /* Frameworks */ = {
			isa = PBXFrameworksBuildPhase;
			buildActionMask = 2147483647;
			files = (
			);
			runOnlyForDeploymentPostprocessing = 0;
		};
		08743682224A582E0016491F /* Frameworks */ = {
			isa = PBXFrameworksBuildPhase;
			buildActionMask = 2147483647;
			files = (
			);
			runOnlyForDeploymentPostprocessing = 0;
		};
		0874368D224A582E0016491F /* Frameworks */ = {
			isa = PBXFrameworksBuildPhase;
			buildActionMask = 2147483647;
			files = (
			);
			runOnlyForDeploymentPostprocessing = 0;
		};
/* End PBXFrameworksBuildPhase section */

/* Begin PBXGroup section */
		08743664224A582D0016491F = {
			isa = PBXGroup;
			children = (
				0874366F224A582D0016491F /* ArithmeticDemo */,
				08743688224A582E0016491F /* ArithmeticDemoTests */,
				08743693224A582E0016491F /* ArithmeticDemoUITests */,
				0874366E224A582D0016491F /* Products */,
			);
			sourceTree = "<group>";
		};
		0874366E224A582D0016491F /* Products */ = {
			isa = PBXGroup;
			children = (
				0874366D224A582D0016491F /* ArithmeticDemo.app */,
				08743685224A582E0016491F /* ArithmeticDemoTests.xctest */,
				08743690224A582E0016491F /* ArithmeticDemoUITests.xctest */,
			);
			name = Products;
			sourceTree = "<group>";
		};
		0874366F224A582D0016491F /* ArithmeticDemo */ = {
			isa = PBXGroup;
			children = (
				08743670224A582D0016491F /* AppDelegate.h */,
				08743671224A582D0016491F /* AppDelegate.m */,
				08743673224A582D0016491F /* ViewController.h */,
				08743674224A582D0016491F /* ViewController.m */,
				08743676224A582D0016491F /* Main.storyboard */,
				08743679224A582E0016491F /* Assets.xcassets */,
				0874367B224A582E0016491F /* LaunchScreen.storyboard */,
				0874367E224A582E0016491F /* Info.plist */,
				0874367F224A582E0016491F /* main.m */,
			);
			path = ArithmeticDemo;
			sourceTree = "<group>";
		};
		08743688224A582E0016491F /* ArithmeticDemoTests */ = {
			isa = PBXGroup;
			children = (
				08743689224A582E0016491F /* ArithmeticDemoTests.m */,
				0874368B224A582E0016491F /* Info.plist */,
			);
			path = ArithmeticDemoTests;
			sourceTree = "<group>";
		};
		08743693224A582E0016491F /* ArithmeticDemoUITests */ = {
			isa = PBXGroup;
			children = (
				08743694224A582E0016491F /* ArithmeticDemoUITests.m */,
				08743696224A582E0016491F /* Info.plist */,
			);
			path = ArithmeticDemoUITests;
			sourceTree = "<group>";
		};
/* End PBXGroup section */

/* Begin PBXNativeTarget section */
		0874366C224A582D0016491F /* ArithmeticDemo */ = {
			isa = PBXNativeTarget;
			buildConfigurationList = 08743699224A582E0016491F /* Build configuration list for PBXNativeTarget "ArithmeticDemo" */;
			buildPhases = (
				08743669224A582D0016491F /* Sources */,
				0874366A224A582D0016491F /* Frameworks */,
				0874366B224A582D0016491F /* Resources */,
			);
			buildRules = (
			);
			dependencies = (
			);
			name = ArithmeticDemo;
			productName = ArithmeticDemo;
			productReference = 0874366D224A582D0016491F /* ArithmeticDemo.app */;
			productType = "com.apple.product-type.application";
		};
		08743684224A582E0016491F /* ArithmeticDemoTests */ = {
			isa = PBXNativeTarget;
			buildConfigurationList = 0874369C224A582E0016491F /* Build configuration list for PBXNativeTarget "ArithmeticDemoTests" */;
			buildPhases = (
				08743681224A582E0016491F /* Sources */,
				08743682224A582E0016491F /* Frameworks */,
				08743683224A582E0016491F /* Resources */,
			);
			buildRules = (
			);
			dependencies = (
				08743687224A582E0016491F /* PBXTargetDependency */,
			);
			name = ArithmeticDemoTests;
			productName = ArithmeticDemoTests;
			productReference = 08743685224A582E0016491F /* ArithmeticDemoTests.xctest */;
			productType = "com.apple.product-type.bundle.unit-test";
		};
		0874368F224A582E0016491F /* ArithmeticDemoUITests */ = {
			isa = PBXNativeTarget;
			buildConfigurationList = 0874369F224A582E0016491F /* Build configuration list for PBXNativeTarget "ArithmeticDemoUITests" */;
			buildPhases = (
				0874368C224A582E0016491F /* Sources */,
				0874368D224A582E0016491F /* Frameworks */,
				0874368E224A582E0016491F /* Resources */,
			);
			buildRules = (
			);
			dependencies = (
				08743692224A582E0016491F /* PBXTargetDependency */,
			);
			name = ArithmeticDemoUITests;
			productName = ArithmeticDemoUITests;
			productReference = 08743690224A582E0016491F /* ArithmeticDemoUITests.xctest */;
			productType = "com.apple.product-type.bundle.ui-testing";
		};
/* End PBXNativeTarget section */

/* Begin PBXProject section */
		08743665224A582D0016491F /* Project object */ = {
			isa = PBXProject;
			attributes = {
				LastUpgradeCheck = 0940;
				ORGANIZATIONNAME = FL;
				TargetAttributes = {
					0874366C224A582D0016491F = {
						CreatedOnToolsVersion = 9.4.1;
					};
					08743684224A582E0016491F = {
						CreatedOnToolsVersion = 9.4.1;
						TestTargetID = 0874366C224A582D0016491F;
					};
					0874368F224A582E0016491F = {
						CreatedOnToolsVersion = 9.4.1;
						TestTargetID = 0874366C224A582D0016491F;
					};
				};
			};
			buildConfigurationList = 08743668224A582D0016491F /* Build configuration list for PBXProject "ArithmeticDemo" */;
			compatibilityVersion = "Xcode 9.3";
			developmentRegion = en;
			hasScannedForEncodings = 0;
			knownRegions = (
				en,
				Base,
			);
			mainGroup = 08743664224A582D0016491F;
			productRefGroup = 0874366E224A582D0016491F /* Products */;
			projectDirPath = "";
			projectRoot = "";
			targets = (
				0874366C224A582D0016491F /* ArithmeticDemo */,
				08743684224A582E0016491F /* ArithmeticDemoTests */,
				0874368F224A582E0016491F /* ArithmeticDemoUITests */,
			);
		};
/* End PBXProject section */

/* Begin PBXResourcesBuildPhase section */
		0874366B224A582D0016491F /* Resources */ = {
			isa = PBXResourcesBuildPhase;
			buildActionMask = 2147483647;
			files = (
				0874367D224A582E0016491F /* LaunchScreen.storyboard in Resources */,
				0874367A224A582E0016491F /* Assets.xcassets in Resources */,
				08743678224A582D0016491F /* Main.storyboard in Resources */,
			);
			runOnlyForDeploymentPostprocessing = 0;
		};
		08743683224A582E0016491F /* Resources */ = {
			isa = PBXResourcesBuildPhase;
			buildActionMask = 2147483647;
			files = (
			);
			runOnlyForDeploymentPostprocessing = 0;
		};
		0874368E224A582E0016491F /* Resources */ = {
			isa = PBXResourcesBuildPhase;
			buildActionMask = 2147483647;
			files = (
			);
			runOnlyForDeploymentPostprocessing = 0;
		};
/* End PBXResourcesBuildPhase section */

/* Begin PBXSourcesBuildPhase section */
		08743669224A582D0016491F /* Sources */ = {
			isa = PBXSourcesBuildPhase;
			buildActionMask = 2147483647;
			files = (
				08743675224A582D0016491F /* ViewController.m in Sources */,
				08743680224A582E0016491F /* main.m in Sources */,
				08743672224A582D0016491F /* AppDelegate.m in Sources */,
			);
			runOnlyForDeploymentPostprocessing = 0;
		};
		08743681224A582E0016491F /* Sources */ = {
			isa = PBXSourcesBuildPhase;
			buildActionMask = 2147483647;
			files = (
				0874368A224A582E0016491F /* ArithmeticDemoTests.m in Sources */,
			);
			runOnlyForDeploymentPostprocessing = 0;
		};
		0874368C224A582E0016491F /* Sources */ = {
			isa = PBXSourcesBuildPhase;
			buildActionMask = 2147483647;
			files = (
				08743695224A582E0016491F /* ArithmeticDemoUITests.m in Sources */,
			);
			runOnlyForDeploymentPostprocessing = 0;
		};
/* End PBXSourcesBuildPhase section */

/* Begin PBXTargetDependency section */
		08743687224A582E0016491F /* PBXTargetDependency */ = {
			isa = PBXTargetDependency;
			target = 0874366C224A582D0016491F /* ArithmeticDemo */;
			targetProxy = 08743686224A582E0016491F /* PBXContainerItemProxy */;
		};
		08743692224A582E0016491F /* PBXTargetDependency */ = {
			isa = PBXTargetDependency;
			target = 0874366C224A582D0016491F /* ArithmeticDemo */;
			targetProxy = 08743691224A582E0016491F /* PBXContainerItemProxy */;
		};
/* End PBXTargetDependency section */

/* Begin PBXVariantGroup section */
		08743676224A582D0016491F /* Main.storyboard */ = {
			isa = PBXVariantGroup;
			children = (
				08743677224A582D0016491F /* Base */,
			);
			name = Main.storyboard;
			sourceTree = "<group>";
		};
		0874367B224A582E0016491F /* LaunchScreen.storyboard */ = {
			isa = PBXVariantGroup;
			children = (
				0874367C224A582E0016491F /* Base */,
			);
			name = LaunchScreen.storyboard;
			sourceTree = "<group>";
		};
/* End PBXVariantGroup section */

/* Begin XCBuildConfiguration section */
		08743697224A582E0016491F /* Debug */ = {
			isa = XCBuildConfiguration;
			buildSettings = {
				ALWAYS_SEARCH_USER_PATHS = NO;
				CLANG_ANALYZER_NONNULL = YES;
				CLANG_ANALYZER_NUMBER_OBJECT_CONVERSION = YES_AGGRESSIVE;
				CLANG_CXX_LANGUAGE_STANDARD = "gnu++14";
				CLANG_CXX_LIBRARY = "libc++";
				CLANG_ENABLE_MODULES = YES;
				CLANG_ENABLE_OBJC_ARC = YES;
				CLANG_ENABLE_OBJC_WEAK = YES;
				CLANG_WARN_BLOCK_CAPTURE_AUTORELEASING = YES;
				CLANG_WARN_BOOL_CONVERSION = YES;
				CLANG_WARN_COMMA = YES;
				CLANG_WARN_CONSTANT_CONVERSION = YES;
				CLANG_WARN_DEPRECATED_OBJC_IMPLEMENTATIONS = YES;
				CLANG_WARN_DIRECT_OBJC_ISA_USAGE = YES_ERROR;
				CLANG_WARN_DOCUMENTATION_COMMENTS = YES;
				CLANG_WARN_EMPTY_BODY = YES;
				CLANG_WARN_ENUM_CONVERSION = YES;
				CLANG_WARN_INFINITE_RECURSION = YES;
				CLANG_WARN_INT_CONVERSION = YES;
				CLANG_WARN_NON_LITERAL_NULL_CONVERSION = YES;
				CLANG_WARN_OBJC_IMPLICIT_RETAIN_SELF = YES;
				CLANG_WARN_OBJC_LITERAL_CONVERSION = YES;
				CLANG_WARN_OBJC_ROOT_CLASS = YES_ERROR;
				CLANG_WARN_RANGE_LOOP_ANALYSIS = YES;
				CLANG_WARN_STRICT_PROTOTYPES = YES;
				CLANG_WARN_SUSPICIOUS_MOVE = YES;
				CLANG_WARN_UNGUARDED_AVAILABILITY = YES_AGGRESSIVE;
				CLANG_WARN_UNREACHABLE_CODE = YES;
				CLANG_WARN__DUPLICATE_METHOD_MATCH = YES;
				CODE_SIGN_IDENTITY = "iPhone Developer";
				COPY_PHASE_STRIP = NO;
				DEBUG_INFORMATION_FORMAT = dwarf;
				ENABLE_STRICT_OBJC_MSGSEND = YES;
				ENABLE_TESTABILITY = YES;
				GCC_C_LANGUAGE_STANDARD = gnu11;
				GCC_DYNAMIC_NO_PIC = NO;
				GCC_NO_COMMON_BLOCKS = YES;
				GCC_OPTIMIZATION_LEVEL = 0;
				GCC_PREPROCESSOR_DEFINITIONS = (
					"DEBUG=1",
					"$(inherited)",
				);
				GCC_WARN_64_TO_32_BIT_CONVERSION = YES;
				GCC_WARN_ABOUT_RETURN_TYPE = YES_ERROR;
				GCC_WARN_UNDECLARED_SELECTOR = YES;
				GCC_WARN_UNINITIALIZED_AUTOS = YES_AGGRESSIVE;
				GCC_WARN_UNUSED_FUNCTION = YES;
				GCC_WARN_UNUSED_VARIABLE = YES;
				IPHONEOS_DEPLOYMENT_TARGET = 11.4;
				MTL_ENABLE_DEBUG_INFO = YES;
				ONLY_ACTIVE_ARCH = YES;
				SDKROOT = iphoneos;
			};
			name = Debug;
		};
		08743698224A582E0016491F /* Release */ = {
			isa = XCBuildConfiguration;
			buildSettings = {
				ALWAYS_SEARCH_USER_PATHS = NO;
				CLANG_ANALYZER_NONNULL = YES;
				CLANG_ANALYZER_NUMBER_OBJECT_CONVERSION = YES_AGGRESSIVE;
				CLANG_CXX_LANGUAGE_STANDARD = "gnu++14";
				CLANG_CXX_LIBRARY = "libc++";
				CLANG_ENABLE_MODULES = YES;
				CLANG_ENABLE_OBJC_ARC = YES;
				CLANG_ENABLE_OBJC_WEAK = YES;
				CLANG_WARN_BLOCK_CAPTURE_AUTORELEASING = YES;
				CLANG_WARN_BOOL_CONVERSION = YES;
				CLANG_WARN_COMMA = YES;
				CLANG_WARN_CONSTANT_CONVERSION = YES;
				CLANG_WARN_DEPRECATED_OBJC_IMPLEMENTATIONS = YES;
				CLANG_WARN_DIRECT_OBJC_ISA_USAGE = YES_ERROR;
				CLANG_WARN_DOCUMENTATION_COMMENTS = YES;
				CLANG_WARN_EMPTY_BODY = YES;
				CLANG_WARN_ENUM_CONVERSION = YES;
				CLANG_WARN_INFINITE_RECURSION = YES;
				CLANG_WARN_INT_CONVERSION = YES;
				CLANG_WARN_NON_LITERAL_NULL_CONVERSION = YES;
				CLANG_WARN_OBJC_IMPLICIT_RETAIN_SELF = YES;
				CLANG_WARN_OBJC_LITERAL_CONVERSION = YES;
				CLANG_WARN_OBJC_ROOT_CLASS = YES_ERROR;
				CLANG_WARN_RANGE_LOOP_ANALYSIS = YES;
				CLANG_WARN_STRICT_PROTOTYPES = YES;
				CLANG_WARN_SUSPICIOUS_MOVE = YES;
				CLANG_WARN_UNGUARDED_AVAILABILITY = YES_AGGRESSIVE;
				CLANG_WARN_UNREACHABLE_CODE = YES;
				CLANG_WARN__DUPLICATE_METHOD_MATCH = YES;
				CODE_SIGN_IDENTITY = "iPhone Developer";
				COPY_PHASE_STRIP = NO;
				DEBUG_INFORMATION_FORMAT = "dwarf-with-dsym";
				ENABLE_NS_ASSERTIONS = NO;
				ENABLE_STRICT_OBJC_MSGSEND = YES;
				GCC_C_LANGUAGE_STANDARD = gnu11;
				GCC_NO_COMMON_BLOCKS = YES;
				GCC_WARN_64_TO_32_BIT_CONVERSION = YES;
				GCC_WARN_ABOUT_RETURN_TYPE = YES_ERROR;
				GCC_WARN_UNDECLARED_SELECTOR = YES;
				GCC_WARN_UNINITIALIZED_AUTOS = YES_AGGRESSIVE;
				GCC_WARN_UNUSED_FUNCTION = YES;
				GCC_WARN_UNUSED_VARIABLE = YES;
				IPHONEOS_DEPLOYMENT_TARGET = 11.4;
				MTL_ENABLE_DEBUG_INFO = NO;
				SDKROOT = iphoneos;
				VALIDATE_PRODUCT = YES;
			};
			name = Release;
		};
		0874369A224A582E0016491F /* Debug */ = {
			isa = XCBuildConfiguration;
			buildSettings = {
				ASSETCATALOG_COMPILER_APPICON_NAME = AppIcon;
				CODE_SIGN_STYLE = Automatic;
				INFOPLIST_FILE = ArithmeticDemo/Info.plist;
				LD_RUNPATH_SEARCH_PATHS = (
					"$(inherited)",
					"@executable_path/Frameworks",
				);
				PRODUCT_BUNDLE_IDENTIFIER = super.ArithmeticDemo;
				PRODUCT_NAME = "$(TARGET_NAME)";
				TARGETED_DEVICE_FAMILY = "1,2";
			};
			name = Debug;
		};
		0874369B224A582E0016491F /* Release */ = {
			isa = XCBuildConfiguration;
			buildSettings = {
				ASSETCATALOG_COMPILER_APPICON_NAME = AppIcon;
				CODE_SIGN_STYLE = Automatic;
				INFOPLIST_FILE = ArithmeticDemo/Info.plist;
				LD_RUNPATH_SEARCH_PATHS = (
					"$(inherited)",
					"@executable_path/Frameworks",
				);
				PRODUCT_BUNDLE_IDENTIFIER = super.ArithmeticDemo;
				PRODUCT_NAME = "$(TARGET_NAME)";
				TARGETED_DEVICE_FAMILY = "1,2";
			};
			name = Release;
		};
		0874369D224A582E0016491F /* Debug */ = {
			isa = XCBuildConfiguration;
			buildSettings = {
				BUNDLE_LOADER = "$(TEST_HOST)";
				CODE_SIGN_STYLE = Automatic;
				INFOPLIST_FILE = ArithmeticDemoTests/Info.plist;
				LD_RUNPATH_SEARCH_PATHS = (
					"$(inherited)",
					"@executable_path/Frameworks",
					"@loader_path/Frameworks",
				);
				PRODUCT_BUNDLE_IDENTIFIER = super.ArithmeticDemoTests;
				PRODUCT_NAME = "$(TARGET_NAME)";
				TARGETED_DEVICE_FAMILY = "1,2";
				TEST_HOST = "$(BUILT_PRODUCTS_DIR)/ArithmeticDemo.app/ArithmeticDemo";
			};
			name = Debug;
		};
		0874369E224A582E0016491F /* Release */ = {
			isa = XCBuildConfiguration;
			buildSettings = {
				BUNDLE_LOADER = "$(TEST_HOST)";
				CODE_SIGN_STYLE = Automatic;
				INFOPLIST_FILE = ArithmeticDemoTests/Info.plist;
				LD_RUNPATH_SEARCH_PATHS = (
					"$(inherited)",
					"@executable_path/Frameworks",
					"@loader_path/Frameworks",
				);
				PRODUCT_BUNDLE_IDENTIFIER = super.ArithmeticDemoTests;
				PRODUCT_NAME = "$(TARGET_NAME)";
				TARGETED_DEVICE_FAMILY = "1,2";
				TEST_HOST = "$(BUILT_PRODUCTS_DIR)/ArithmeticDemo.app/ArithmeticDemo";
			};
			name = Release;
		};
		087436A0224A582E0016491F /* Debug */ = {
			isa = XCBuildConfiguration;
			buildSettings = {
				CODE_SIGN_STYLE = Automatic;
				INFOPLIST_FILE = ArithmeticDemoUITests/Info.plist;
				LD_RUNPATH_SEARCH_PATHS = (
					"$(inherited)",
					"@executable_path/Frameworks",
					"@loader_path/Frameworks",
				);
				PRODUCT_BUNDLE_IDENTIFIER = super.ArithmeticDemoUITests;
				PRODUCT_NAME = "$(TARGET_NAME)";
				TARGETED_DEVICE_FAMILY = "1,2";
				TEST_TARGET_NAME = ArithmeticDemo;
			};
			name = Debug;
		};
		087436A1224A582E0016491F /* Release */ = {
			isa = XCBuildConfiguration;
			buildSettings = {
				CODE_SIGN_STYLE = Automatic;
				INFOPLIST_FILE = ArithmeticDemoUITests/Info.plist;
				LD_RUNPATH_SEARCH_PATHS = (
					"$(inherited)",
					"@executable_path/Frameworks",
					"@loader_path/Frameworks",
				);
				PRODUCT_BUNDLE_IDENTIFIER = super.ArithmeticDemoUITests;
				PRODUCT_NAME = "$(TARGET_NAME)";
				TARGETED_DEVICE_FAMILY = "1,2";
				TEST_TARGET_NAME = ArithmeticDemo;
			};
			name = Release;
		};
/* End XCBuildConfiguration section */

/* Begin XCConfigurationList section */
		08743668224A582D0016491F /* Build configuration list for PBXProject "ArithmeticDemo" */ = {
			isa = XCConfigurationList;
			buildConfigurations = (
				08743697224A582E0016491F /* Debug */,
				08743698224A582E0016491F /* Release */,
			);
			defaultConfigurationIsVisible = 0;
			defaultConfigurationName = Release;
		};
		08743699224A582E0016491F /* Build configuration list for PBXNativeTarget "ArithmeticDemo" */ = {
			isa = XCConfigurationList;
			buildConfigurations = (
				0874369A224A582E0016491F /* Debug */,
				0874369B224A582E0016491F /* Release */,
			);
			defaultConfigurationIsVisible = 0;
			defaultConfigurationName = Release;
		};
		0874369C224A582E0016491F /* Build configuration list for PBXNativeTarget "ArithmeticDemoTests" */ = {
			isa = XCConfigurationList;
			buildConfigurations = (
				0874369D224A582E0016491F /* Debug */,
				0874369E224A582E0016491F /* Release */,
			);
			defaultConfigurationIsVisible = 0;
			defaultConfigurationName = Release;
		};
		0874369F224A582E0016491F /* Build configuration list for PBXNativeTarget "ArithmeticDemoUITests" */ = {
			isa = XCConfigurationList;
			buildConfigurations = (
				087436A0224A582E0016491F /* Debug */,
				087436A1224A582E0016491F /* Release */,
			);
			defaultConfigurationIsVisible = 0;
			defaultConfigurationName = Release;
		};
/* End XCConfigurationList section */
	};
	rootObject = 08743665224A582D0016491F /* Project object */;
}
